// !$*UTF8*$!
{
	archiveVersion = 1;
	classes = {
	};
	objectVersion = 56;
	objects = {

/* Begin PBXBuildFile section */
		0B03BE3929510BD7004CBA1F /* CreateValidator.swift in Sources */ = {isa = PBXBuildFile; fileRef = 0B5E31EC294B2D6D009B77F1 /* CreateValidator.swift */; };
		0B03BE3A29510F5E004CBA1F /* NewUser.swift in Sources */ = {isa = PBXBuildFile; fileRef = 0BF4B0D52947DF84002675CF /* NewUser.swift */; };
		0B466C0129507A300063AC17 /* SingleUserData.json in Resources */ = {isa = PBXBuildFile; fileRef = 0B466BFF29507A300063AC17 /* SingleUserData.json */; };
		0B466C0229507A300063AC17 /* UsersStaticData.json in Resources */ = {isa = PBXBuildFile; fileRef = 0B466C0029507A300063AC17 /* UsersStaticData.json */; };
		0B466C06295091740063AC17 /* CreateFormValidatorTest.swift in Sources */ = {isa = PBXBuildFile; fileRef = 0B466C04295091740063AC17 /* CreateFormValidatorTest.swift */; };
		0B5D910D295316A00032272D /* User.swift in Sources */ = {isa = PBXBuildFile; fileRef = 0BB2FD4C2945D2C80092BBCF /* User.swift */; };
		0B5D910E295319E10032272D /* StaticJSONMapper.swift in Sources */ = {isa = PBXBuildFile; fileRef = 0B8BA874294E281000E9F2E0 /* StaticJSONMapper.swift */; };
		0B5E31ED294B2D6D009B77F1 /* CreateValidator.swift in Sources */ = {isa = PBXBuildFile; fileRef = 0B5E31EC294B2D6D009B77F1 /* CreateValidator.swift */; };
		0B5E31F0294B5C13009B77F1 /* HapticsManager.swift in Sources */ = {isa = PBXBuildFile; fileRef = 0B5E31EF294B5C13009B77F1 /* HapticsManager.swift */; };
		0B5E31F7294B67FD009B77F1 /* SettingsView.swift in Sources */ = {isa = PBXBuildFile; fileRef = 0B5E31F6294B67FD009B77F1 /* SettingsView.swift */; };
		0B63CB722952FC74002EB41B /* NetworkingManagerTest.swift in Sources */ = {isa = PBXBuildFile; fileRef = 0B63CB712952FC74002EB41B /* NetworkingManagerTest.swift */; };
		0B63CB7329530785002EB41B /* NetworkingManager.swift in Sources */ = {isa = PBXBuildFile; fileRef = 0B8B6E1729434D74003B4F96 /* NetworkingManager.swift */; };
		0B63CB74295307F9002EB41B /* Endpoint.swift in Sources */ = {isa = PBXBuildFile; fileRef = 0BA9A50A294BC53500FBB315 /* Endpoint.swift */; };
		0B63CB7529530845002EB41B /* UsersResponse.swift in Sources */ = {isa = PBXBuildFile; fileRef = 0BC8AF68293D501500D24A67 /* UsersResponse.swift */; };
		0B8B6E1529434804003B4F96 /* CreateView.swift in Sources */ = {isa = PBXBuildFile; fileRef = 0B8B6E1429434804003B4F96 /* CreateView.swift */; };
		0B8B6E1829434D74003B4F96 /* NetworkingManager.swift in Sources */ = {isa = PBXBuildFile; fileRef = 0B8B6E1729434D74003B4F96 /* NetworkingManager.swift */; };
		0B8BA872294E123F00E9F2E0 /* JSONMapperTest.swift in Sources */ = {isa = PBXBuildFile; fileRef = 0B8BA871294E123F00E9F2E0 /* JSONMapperTest.swift */; };
		0B8BA875294E281000E9F2E0 /* StaticJSONMapper.swift in Sources */ = {isa = PBXBuildFile; fileRef = 0B8BA874294E281000E9F2E0 /* StaticJSONMapper.swift */; };
		0B9B1A50294149DE0094F412 /* DetailView.swift in Sources */ = {isa = PBXBuildFile; fileRef = 0B9B1A4F294149DE0094F412 /* DetailView.swift */; };
		0BA664302957180F007EBAFB /* StorysListView.swift in Sources */ = {isa = PBXBuildFile; fileRef = 0BA6642F2957180F007EBAFB /* StorysListView.swift */; };
		0BA9A508294BC24E00FBB315 /* UserDefaultKeys.swift in Sources */ = {isa = PBXBuildFile; fileRef = 0BA9A507294BC24E00FBB315 /* UserDefaultKeys.swift */; };
		0BA9A50B294BC53500FBB315 /* Endpoint.swift in Sources */ = {isa = PBXBuildFile; fileRef = 0BA9A50A294BC53500FBB315 /* Endpoint.swift */; };
		0BAFA2212951BB08006C5A7B /* NetworkingEndpointTest.swift in Sources */ = {isa = PBXBuildFile; fileRef = 0BAFA2202951BB08006C5A7B /* NetworkingEndpointTest.swift */; };
		0BAFA22429520EF3006C5A7B /* MockURLSessionProtocol.swift in Sources */ = {isa = PBXBuildFile; fileRef = 0BAFA22329520EF3006C5A7B /* MockURLSessionProtocol.swift */; };
		0BB2FD4D2945D2C80092BBCF /* User.swift in Sources */ = {isa = PBXBuildFile; fileRef = 0BB2FD4C2945D2C80092BBCF /* User.swift */; };
		0BB2FD4F294648A10092BBCF /* DetailViewModel.swift in Sources */ = {isa = PBXBuildFile; fileRef = 0BB2FD4E294648A10092BBCF /* DetailViewModel.swift */; };
		0BBFEFFE294A702400B72FBF /* CheckmarkPopoverView.swift in Sources */ = {isa = PBXBuildFile; fileRef = 0BBFEFFD294A702400B72FBF /* CheckmarkPopoverView.swift */; };
		0BC04574293B406F008D32F6 /* SwiftUIWithMVVMHomeAssistantExmpleApp.swift in Sources */ = {isa = PBXBuildFile; fileRef = 0BC04573293B406F008D32F6 /* SwiftUIWithMVVMHomeAssistantExmpleApp.swift */; };
		0BC04576293B406F008D32F6 /* ContentView.swift in Sources */ = {isa = PBXBuildFile; fileRef = 0BC04575293B406F008D32F6 /* ContentView.swift */; };
		0BC04578293B4070008D32F6 /* Assets.xcassets in Resources */ = {isa = PBXBuildFile; fileRef = 0BC04577293B4070008D32F6 /* Assets.xcassets */; };
		0BC0457B293B4070008D32F6 /* Preview Assets.xcassets in Resources */ = {isa = PBXBuildFile; fileRef = 0BC0457A293B4070008D32F6 /* Preview Assets.xcassets */; };
		0BC8AF54293CCF6A00D24A67 /* Symbols.swift in Sources */ = {isa = PBXBuildFile; fileRef = 0BC8AF53293CCF6900D24A67 /* Symbols.swift */; };
		0BC8AF56293CCF6C00D24A67 /* Theme.swift in Sources */ = {isa = PBXBuildFile; fileRef = 0BC8AF55293CCF6C00D24A67 /* Theme.swift */; };
		0BC8AF5C293CDCC600D24A67 /* UsersListView.swift in Sources */ = {isa = PBXBuildFile; fileRef = 0BC8AF5B293CDCC600D24A67 /* UsersListView.swift */; };
		0BC8AF5E293CDCF400D24A67 /* PeopleViewModel.swift in Sources */ = {isa = PBXBuildFile; fileRef = 0BC8AF5D293CDCF400D24A67 /* PeopleViewModel.swift */; };
		0BC8AF63293D16E200D24A67 /* UserCellView.swift in Sources */ = {isa = PBXBuildFile; fileRef = 0BC8AF62293D16E200D24A67 /* UserCellView.swift */; };
		0BC8AF67293D1AC400D24A67 /* PillView.swift in Sources */ = {isa = PBXBuildFile; fileRef = 0BC8AF66293D1AC400D24A67 /* PillView.swift */; };
		0BC8AF69293D501500D24A67 /* UsersResponse.swift in Sources */ = {isa = PBXBuildFile; fileRef = 0BC8AF68293D501500D24A67 /* UsersResponse.swift */; };
		0BE7ADFD2981332B00AFE2E4 /* NetworkingManagerUserResponseSuccessMock.swift in Sources */ = {isa = PBXBuildFile; fileRef = 0BE7ADFC2981332B00AFE2E4 /* NetworkingManagerUserResponseSuccessMock.swift */; };
		0BE7ADFE298136F300AFE2E4 /* PeopleViewModel.swift in Sources */ = {isa = PBXBuildFile; fileRef = 0BC8AF5D293CDCF400D24A67 /* PeopleViewModel.swift */; };
		0BE7AE022981937000AFE2E4 /* PeopleViewModelFailureTests.swift in Sources */ = {isa = PBXBuildFile; fileRef = 0BE7AE012981937000AFE2E4 /* PeopleViewModelFailureTests.swift */; };
		0BE7AE04298193C100AFE2E4 /* NetworkingManagerUserResponseFailureMock.swift in Sources */ = {isa = PBXBuildFile; fileRef = 0BE7AE03298193C100AFE2E4 /* NetworkingManagerUserResponseFailureMock.swift */; };
		0BE815D129809C8F004A29C6 /* PeopleViewModelSuccessTests.swift in Sources */ = {isa = PBXBuildFile; fileRef = 0BE815D029809C8F004A29C6 /* PeopleViewModelSuccessTests.swift */; };
		0BF4B0D62947DF84002675CF /* NewUser.swift in Sources */ = {isa = PBXBuildFile; fileRef = 0BF4B0D52947DF84002675CF /* NewUser.swift */; };
		0BF4B0D82947E01B002675CF /* CreateViewModel.swift in Sources */ = {isa = PBXBuildFile; fileRef = 0BF4B0D72947E01B002675CF /* CreateViewModel.swift */; };
/* End PBXBuildFile section */

/* Begin PBXContainerItemProxy section */
		0B8BA86B294E10B900E9F2E0 /* PBXContainerItemProxy */ = {
			isa = PBXContainerItemProxy;
			containerPortal = 0BC04568293B406E008D32F6 /* Project object */;
			proxyType = 1;
			remoteGlobalIDString = 0BC0456F293B406F008D32F6;
			remoteInfo = SwiftUIWithMVVMHomeAssistantExmple;
		};
/* End PBXContainerItemProxy section */

/* Begin PBXFileReference section */
		0B466BFF29507A300063AC17 /* SingleUserData.json */ = {isa = PBXFileReference; fileEncoding = 4; lastKnownFileType = text.json; path = SingleUserData.json; sourceTree = "<group>"; };
		0B466C0029507A300063AC17 /* UsersStaticData.json */ = {isa = PBXFileReference; fileEncoding = 4; lastKnownFileType = text.json; path = UsersStaticData.json; sourceTree = "<group>"; };
		0B466C04295091740063AC17 /* CreateFormValidatorTest.swift */ = {isa = PBXFileReference; lastKnownFileType = sourcecode.swift; path = CreateFormValidatorTest.swift; sourceTree = "<group>"; };
		0B5E31EC294B2D6D009B77F1 /* CreateValidator.swift */ = {isa = PBXFileReference; lastKnownFileType = sourcecode.swift; path = CreateValidator.swift; sourceTree = "<group>"; };
		0B5E31EF294B5C13009B77F1 /* HapticsManager.swift */ = {isa = PBXFileReference; lastKnownFileType = sourcecode.swift; path = HapticsManager.swift; sourceTree = "<group>"; };
		0B5E31F6294B67FD009B77F1 /* SettingsView.swift */ = {isa = PBXFileReference; lastKnownFileType = sourcecode.swift; path = SettingsView.swift; sourceTree = "<group>"; };
		0B63CB712952FC74002EB41B /* NetworkingManagerTest.swift */ = {isa = PBXFileReference; lastKnownFileType = sourcecode.swift; path = NetworkingManagerTest.swift; sourceTree = "<group>"; };
		0B8B6E1429434804003B4F96 /* CreateView.swift */ = {isa = PBXFileReference; lastKnownFileType = sourcecode.swift; path = CreateView.swift; sourceTree = "<group>"; };
		0B8B6E1729434D74003B4F96 /* NetworkingManager.swift */ = {isa = PBXFileReference; lastKnownFileType = sourcecode.swift; path = NetworkingManager.swift; sourceTree = "<group>"; };
		0B8BA867294E10B800E9F2E0 /* SwiftUIWithMVVMHomeAssistantExmpleTests.xctest */ = {isa = PBXFileReference; explicitFileType = wrapper.cfbundle; includeInIndex = 0; path = SwiftUIWithMVVMHomeAssistantExmpleTests.xctest; sourceTree = BUILT_PRODUCTS_DIR; };
		0B8BA871294E123F00E9F2E0 /* JSONMapperTest.swift */ = {isa = PBXFileReference; lastKnownFileType = sourcecode.swift; path = JSONMapperTest.swift; sourceTree = "<group>"; };
		0B8BA874294E281000E9F2E0 /* StaticJSONMapper.swift */ = {isa = PBXFileReference; lastKnownFileType = sourcecode.swift; path = StaticJSONMapper.swift; sourceTree = "<group>"; };
		0B9B1A4F294149DE0094F412 /* DetailView.swift */ = {isa = PBXFileReference; lastKnownFileType = sourcecode.swift; path = DetailView.swift; sourceTree = "<group>"; };
		0BA6642F2957180F007EBAFB /* StorysListView.swift */ = {isa = PBXFileReference; lastKnownFileType = sourcecode.swift; path = StorysListView.swift; sourceTree = "<group>"; };
		0BA9A507294BC24E00FBB315 /* UserDefaultKeys.swift */ = {isa = PBXFileReference; lastKnownFileType = sourcecode.swift; path = UserDefaultKeys.swift; sourceTree = "<group>"; };
		0BA9A50A294BC53500FBB315 /* Endpoint.swift */ = {isa = PBXFileReference; lastKnownFileType = sourcecode.swift; path = Endpoint.swift; sourceTree = "<group>"; };
		0BAFA2202951BB08006C5A7B /* NetworkingEndpointTest.swift */ = {isa = PBXFileReference; lastKnownFileType = sourcecode.swift; path = NetworkingEndpointTest.swift; sourceTree = "<group>"; };
		0BAFA22329520EF3006C5A7B /* MockURLSessionProtocol.swift */ = {isa = PBXFileReference; lastKnownFileType = sourcecode.swift; path = MockURLSessionProtocol.swift; sourceTree = "<group>"; };
		0BB2FD4C2945D2C80092BBCF /* User.swift */ = {isa = PBXFileReference; lastKnownFileType = sourcecode.swift; path = User.swift; sourceTree = "<group>"; };
		0BB2FD4E294648A10092BBCF /* DetailViewModel.swift */ = {isa = PBXFileReference; lastKnownFileType = sourcecode.swift; path = DetailViewModel.swift; sourceTree = "<group>"; };
		0BBFEFFD294A702400B72FBF /* CheckmarkPopoverView.swift */ = {isa = PBXFileReference; lastKnownFileType = sourcecode.swift; path = CheckmarkPopoverView.swift; sourceTree = "<group>"; };
		0BC04570293B406F008D32F6 /* SwiftUIWithMVVMHomeAssistantExmple.app */ = {isa = PBXFileReference; explicitFileType = wrapper.application; includeInIndex = 0; path = SwiftUIWithMVVMHomeAssistantExmple.app; sourceTree = BUILT_PRODUCTS_DIR; };
		0BC04573293B406F008D32F6 /* SwiftUIWithMVVMHomeAssistantExmpleApp.swift */ = {isa = PBXFileReference; lastKnownFileType = sourcecode.swift; path = SwiftUIWithMVVMHomeAssistantExmpleApp.swift; sourceTree = "<group>"; };
		0BC04575293B406F008D32F6 /* ContentView.swift */ = {isa = PBXFileReference; lastKnownFileType = sourcecode.swift; path = ContentView.swift; sourceTree = "<group>"; };
		0BC04577293B4070008D32F6 /* Assets.xcassets */ = {isa = PBXFileReference; lastKnownFileType = folder.assetcatalog; path = Assets.xcassets; sourceTree = "<group>"; };
		0BC0457A293B4070008D32F6 /* Preview Assets.xcassets */ = {isa = PBXFileReference; lastKnownFileType = folder.assetcatalog; path = "Preview Assets.xcassets"; sourceTree = "<group>"; };
		0BC04589293B4817008D32F6 /* Info.plist */ = {isa = PBXFileReference; lastKnownFileType = text.plist; path = Info.plist; sourceTree = "<group>"; };
		0BC8AF53293CCF6900D24A67 /* Symbols.swift */ = {isa = PBXFileReference; lastKnownFileType = sourcecode.swift; path = Symbols.swift; sourceTree = "<group>"; };
		0BC8AF55293CCF6C00D24A67 /* Theme.swift */ = {isa = PBXFileReference; lastKnownFileType = sourcecode.swift; path = Theme.swift; sourceTree = "<group>"; };
		0BC8AF5B293CDCC600D24A67 /* UsersListView.swift */ = {isa = PBXFileReference; lastKnownFileType = sourcecode.swift; path = UsersListView.swift; sourceTree = "<group>"; };
		0BC8AF5D293CDCF400D24A67 /* PeopleViewModel.swift */ = {isa = PBXFileReference; lastKnownFileType = sourcecode.swift; path = PeopleViewModel.swift; sourceTree = "<group>"; };
		0BC8AF62293D16E200D24A67 /* UserCellView.swift */ = {isa = PBXFileReference; lastKnownFileType = sourcecode.swift; path = UserCellView.swift; sourceTree = "<group>"; };
		0BC8AF66293D1AC400D24A67 /* PillView.swift */ = {isa = PBXFileReference; lastKnownFileType = sourcecode.swift; path = PillView.swift; sourceTree = "<group>"; };
		0BC8AF68293D501500D24A67 /* UsersResponse.swift */ = {isa = PBXFileReference; lastKnownFileType = sourcecode.swift; path = UsersResponse.swift; sourceTree = "<group>"; };
		0BE7ADFC2981332B00AFE2E4 /* NetworkingManagerUserResponseSuccessMock.swift */ = {isa = PBXFileReference; lastKnownFileType = sourcecode.swift; path = NetworkingManagerUserResponseSuccessMock.swift; sourceTree = "<group>"; };
		0BE7AE012981937000AFE2E4 /* PeopleViewModelFailureTests.swift */ = {isa = PBXFileReference; lastKnownFileType = sourcecode.swift; path = PeopleViewModelFailureTests.swift; sourceTree = "<group>"; };
		0BE7AE03298193C100AFE2E4 /* NetworkingManagerUserResponseFailureMock.swift */ = {isa = PBXFileReference; lastKnownFileType = sourcecode.swift; path = NetworkingManagerUserResponseFailureMock.swift; sourceTree = "<group>"; };
		0BE815D029809C8F004A29C6 /* PeopleViewModelSuccessTests.swift */ = {isa = PBXFileReference; lastKnownFileType = sourcecode.swift; path = PeopleViewModelSuccessTests.swift; sourceTree = "<group>"; };
		0BF4B0D52947DF84002675CF /* NewUser.swift */ = {isa = PBXFileReference; lastKnownFileType = sourcecode.swift; path = NewUser.swift; sourceTree = "<group>"; };
		0BF4B0D72947E01B002675CF /* CreateViewModel.swift */ = {isa = PBXFileReference; lastKnownFileType = sourcecode.swift; path = CreateViewModel.swift; sourceTree = "<group>"; };
/* End PBXFileReference section */

/* Begin PBXFrameworksBuildPhase section */
		0B8BA864294E10B800E9F2E0 /* Frameworks */ = {
			isa = PBXFrameworksBuildPhase;
			buildActionMask = 2147483647;
			files = (
			);
			runOnlyForDeploymentPostprocessing = 0;
		};
		0BC0456D293B406F008D32F6 /* Frameworks */ = {
			isa = PBXFrameworksBuildPhase;
			buildActionMask = 2147483647;
			files = (
			);
			runOnlyForDeploymentPostprocessing = 0;
		};
/* End PBXFrameworksBuildPhase section */

/* Begin PBXGroup section */
		0B466C03295091380063AC17 /* Form */ = {
			isa = PBXGroup;
			children = (
				0B466C04295091740063AC17 /* CreateFormValidatorTest.swift */,
			);
			path = Form;
			sourceTree = "<group>";
		};
		0B5E31EB294B2D3A009B77F1 /* Validator */ = {
			isa = PBXGroup;
			children = (
				0B5E31EC294B2D6D009B77F1 /* CreateValidator.swift */,
			);
			path = Validator;
			sourceTree = "<group>";
		};
		0B5E31EE294B5BE5009B77F1 /* Haptics */ = {
			isa = PBXGroup;
			children = (
				0B5E31EF294B5C13009B77F1 /* HapticsManager.swift */,
			);
			path = Haptics;
			sourceTree = "<group>";
		};
		0B8B6E10294347C1003B4F96 /* Create */ = {
			isa = PBXGroup;
			children = (
				0B5E31EB294B2D3A009B77F1 /* Validator */,
				0B8B6E13294347F0003B4F96 /* Models */,
				0B8B6E12294347DE003B4F96 /* ViewModels */,
				0B8B6E11294347D3003B4F96 /* Views */,
			);
			path = Create;
			sourceTree = "<group>";
		};
		0B8B6E11294347D3003B4F96 /* Views */ = {
			isa = PBXGroup;
			children = (
				0B8B6E1429434804003B4F96 /* CreateView.swift */,
			);
			path = Views;
			sourceTree = "<group>";
		};
		0B8B6E12294347DE003B4F96 /* ViewModels */ = {
			isa = PBXGroup;
			children = (
				0BF4B0D72947E01B002675CF /* CreateViewModel.swift */,
			);
			path = ViewModels;
			sourceTree = "<group>";
		};
		0B8B6E13294347F0003B4F96 /* Models */ = {
			isa = PBXGroup;
			children = (
				0BF4B0D52947DF84002675CF /* NewUser.swift */,
			);
			path = Models;
			sourceTree = "<group>";
		};
		0B8B6E1629434BB2003B4F96 /* Api */ = {
			isa = PBXGroup;
			children = (
				0B8B6E1729434D74003B4F96 /* NetworkingManager.swift */,
				0BA9A50A294BC53500FBB315 /* Endpoint.swift */,
			);
			path = Api;
			sourceTree = "<group>";
		};
		0B8BA868294E10B900E9F2E0 /* SwiftUIWithMVVMHomeAssistantExmpleTests */ = {
			isa = PBXGroup;
			children = (
				0BE815CF2980994E004A29C6 /* People */,
				0BAFA21E2951BAB1006C5A7B /* Networking */,
				0B466C03295091380063AC17 /* Form */,
				0B8BA870294E11D200E9F2E0 /* Mapper */,
			);
			path = SwiftUIWithMVVMHomeAssistantExmpleTests;
			sourceTree = "<group>";
		};
		0B8BA870294E11D200E9F2E0 /* Mapper */ = {
			isa = PBXGroup;
			children = (
				0B8BA871294E123F00E9F2E0 /* JSONMapperTest.swift */,
			);
			path = Mapper;
			sourceTree = "<group>";
		};
		0B8BA873294E27E800E9F2E0 /* Mapper */ = {
			isa = PBXGroup;
			children = (
				0B8BA874294E281000E9F2E0 /* StaticJSONMapper.swift */,
			);
			path = Mapper;
			sourceTree = "<group>";
		};
		0B8BA876294E291700E9F2E0 /* JSON */ = {
			isa = PBXGroup;
			children = (
			);
			path = JSON;
			sourceTree = "<group>";
		};
		0B9B1A4B294149610094F412 /* Detail */ = {
			isa = PBXGroup;
			children = (
				0B9B1A4D2941498E0094F412 /* Views */,
				0B9B1A4C294149860094F412 /* Models */,
				0B9B1A4E294149970094F412 /* ViewModels */,
			);
			path = Detail;
			sourceTree = "<group>";
		};
		0B9B1A4C294149860094F412 /* Models */ = {
			isa = PBXGroup;
			children = (
			);
			path = Models;
			sourceTree = "<group>";
		};
		0B9B1A4D2941498E0094F412 /* Views */ = {
			isa = PBXGroup;
			children = (
				0B9B1A4F294149DE0094F412 /* DetailView.swift */,
			);
			path = Views;
			sourceTree = "<group>";
		};
		0B9B1A4E294149970094F412 /* ViewModels */ = {
			isa = PBXGroup;
			children = (
				0BB2FD4E294648A10092BBCF /* DetailViewModel.swift */,
			);
			path = ViewModels;
			sourceTree = "<group>";
		};
		0BA6642B295717A0007EBAFB /* Storys */ = {
			isa = PBXGroup;
			children = (
				0BA6642D295717D9007EBAFB /* ViewModel */,
				0BA6642E295717E3007EBAFB /* Models */,
				0BA6642C295717CA007EBAFB /* Views */,
			);
			path = Storys;
			sourceTree = "<group>";
		};
		0BA6642C295717CA007EBAFB /* Views */ = {
			isa = PBXGroup;
			children = (
				0BA6642F2957180F007EBAFB /* StorysListView.swift */,
			);
			path = Views;
			sourceTree = "<group>";
		};
		0BA6642D295717D9007EBAFB /* ViewModel */ = {
			isa = PBXGroup;
			children = (
			);
			path = ViewModel;
			sourceTree = "<group>";
		};
		0BA6642E295717E3007EBAFB /* Models */ = {
			isa = PBXGroup;
			children = (
			);
			path = Models;
			sourceTree = "<group>";
		};
		0BA9A509294BC2AA00FBB315 /* UserDefault */ = {
			isa = PBXGroup;
			children = (
				0BA9A507294BC24E00FBB315 /* UserDefaultKeys.swift */,
			);
			path = UserDefault;
			sourceTree = "<group>";
		};
		0BAFA21E2951BAB1006C5A7B /* Networking */ = {
			isa = PBXGroup;
			children = (
				0BAFA22229520A58006C5A7B /* Mocks */,
				0BAFA21F2951BABE006C5A7B /* Endpoint */,
				0B63CB712952FC74002EB41B /* NetworkingManagerTest.swift */,
			);
			path = Networking;
			sourceTree = "<group>";
		};
		0BAFA21F2951BABE006C5A7B /* Endpoint */ = {
			isa = PBXGroup;
			children = (
				0BAFA2202951BB08006C5A7B /* NetworkingEndpointTest.swift */,
			);
			path = Endpoint;
			sourceTree = "<group>";
		};
		0BAFA22229520A58006C5A7B /* Mocks */ = {
			isa = PBXGroup;
			children = (
				0BAFA22329520EF3006C5A7B /* MockURLSessionProtocol.swift */,
				0BE7ADFC2981332B00AFE2E4 /* NetworkingManagerUserResponseSuccessMock.swift */,
				0BE7AE03298193C100AFE2E4 /* NetworkingManagerUserResponseFailureMock.swift */,
			);
			path = Mocks;
			sourceTree = "<group>";
		};
		0BC04567293B406E008D32F6 = {
			isa = PBXGroup;
			children = (
				0BC04572293B406F008D32F6 /* SwiftUIWithMVVMHomeAssistantExmple */,
				0B8BA868294E10B900E9F2E0 /* SwiftUIWithMVVMHomeAssistantExmpleTests */,
				0BC04571293B406F008D32F6 /* Products */,
			);
			sourceTree = "<group>";
		};
		0BC04571293B406F008D32F6 /* Products */ = {
			isa = PBXGroup;
			children = (
				0BC04570293B406F008D32F6 /* SwiftUIWithMVVMHomeAssistantExmple.app */,
				0B8BA867294E10B800E9F2E0 /* SwiftUIWithMVVMHomeAssistantExmpleTests.xctest */,
			);
			name = Products;
			sourceTree = "<group>";
		};
		0BC04572293B406F008D32F6 /* SwiftUIWithMVVMHomeAssistantExmple */ = {
			isa = PBXGroup;
			children = (
				0BC04589293B4817008D32F6 /* Info.plist */,
				0BC8AF64293D1A9F00D24A67 /* Base */,
				0BC8AF58293CD4D900D24A67 /* Features */,
				0BC8AF57293CCFBD00D24A67 /* Resoureces */,
				0BC04573293B406F008D32F6 /* SwiftUIWithMVVMHomeAssistantExmpleApp.swift */,
				0BC04575293B406F008D32F6 /* ContentView.swift */,
				0BC04577293B4070008D32F6 /* Assets.xcassets */,
				0BC04579293B4070008D32F6 /* Preview Content */,
			);
			path = SwiftUIWithMVVMHomeAssistantExmple;
			sourceTree = "<group>";
		};
		0BC04579293B4070008D32F6 /* Preview Content */ = {
			isa = PBXGroup;
			children = (
				0BC0457A293B4070008D32F6 /* Preview Assets.xcassets */,
			);
			path = "Preview Content";
			sourceTree = "<group>";
		};
		0BC8AF57293CCFBD00D24A67 /* Resoureces */ = {
			isa = PBXGroup;
			children = (
				0B466BFF29507A300063AC17 /* SingleUserData.json */,
				0B466C0029507A300063AC17 /* UsersStaticData.json */,
				0B8BA876294E291700E9F2E0 /* JSON */,
				0BC8AF55293CCF6C00D24A67 /* Theme.swift */,
				0BC8AF53293CCF6900D24A67 /* Symbols.swift */,
			);
			path = Resoureces;
			sourceTree = "<group>";
		};
		0BC8AF58293CD4D900D24A67 /* Features */ = {
			isa = PBXGroup;
			children = (
				0BA6642B295717A0007EBAFB /* Storys */,
				0B8B6E10294347C1003B4F96 /* Create */,
				0B9B1A4B294149610094F412 /* Detail */,
				0BC8AF5A293CDCAA00D24A67 /* User */,
			);
			path = Features;
			sourceTree = "<group>";
		};
		0BC8AF5A293CDCAA00D24A67 /* User */ = {
			isa = PBXGroup;
			children = (
				0BC8AF61293D169A00D24A67 /* Models */,
				0BC8AF60293D168700D24A67 /* View Models */,
				0BC8AF5F293D167100D24A67 /* Views */,
			);
			path = User;
			sourceTree = "<group>";
		};
		0BC8AF5F293D167100D24A67 /* Views */ = {
			isa = PBXGroup;
			children = (
				0BC8AF5B293CDCC600D24A67 /* UsersListView.swift */,
				0BC8AF62293D16E200D24A67 /* UserCellView.swift */,
			);
			path = Views;
			sourceTree = "<group>";
		};
		0BC8AF60293D168700D24A67 /* View Models */ = {
			isa = PBXGroup;
			children = (
				0BC8AF5D293CDCF400D24A67 /* PeopleViewModel.swift */,
			);
			path = "View Models";
			sourceTree = "<group>";
		};
		0BC8AF61293D169A00D24A67 /* Models */ = {
			isa = PBXGroup;
			children = (
				0BC8AF68293D501500D24A67 /* UsersResponse.swift */,
			);
			path = Models;
			sourceTree = "<group>";
		};
		0BC8AF64293D1A9F00D24A67 /* Base */ = {
			isa = PBXGroup;
			children = (
				0B8BA873294E27E800E9F2E0 /* Mapper */,
				0BA9A509294BC2AA00FBB315 /* UserDefault */,
				0B5E31EE294B5BE5009B77F1 /* Haptics */,
				0B8B6E1629434BB2003B4F96 /* Api */,
				0BC8AF6B293D52F100D24A67 /* Models */,
				0BC8AF65293D1AA600D24A67 /* Views */,
			);
			path = Base;
			sourceTree = "<group>";
		};
		0BC8AF65293D1AA600D24A67 /* Views */ = {
			isa = PBXGroup;
			children = (
				0BC8AF66293D1AC400D24A67 /* PillView.swift */,
				0BBFEFFD294A702400B72FBF /* CheckmarkPopoverView.swift */,
				0B5E31F6294B67FD009B77F1 /* SettingsView.swift */,
			);
			path = Views;
			sourceTree = "<group>";
		};
		0BC8AF6B293D52F100D24A67 /* Models */ = {
			isa = PBXGroup;
			children = (
				0BB2FD4C2945D2C80092BBCF /* User.swift */,
			);
			path = Models;
			sourceTree = "<group>";
		};
		0BE815CF2980994E004A29C6 /* People */ = {
			isa = PBXGroup;
			children = (
				0BE815D029809C8F004A29C6 /* PeopleViewModelSuccessTests.swift */,
				0BE7AE012981937000AFE2E4 /* PeopleViewModelFailureTests.swift */,
			);
			path = People;
			sourceTree = "<group>";
		};
/* End PBXGroup section */

/* Begin PBXNativeTarget section */
		0B8BA866294E10B800E9F2E0 /* SwiftUIWithMVVMHomeAssistantExmpleTests */ = {
			isa = PBXNativeTarget;
			buildConfigurationList = 0B8BA86F294E10B900E9F2E0 /* Build configuration list for PBXNativeTarget "SwiftUIWithMVVMHomeAssistantExmpleTests" */;
			buildPhases = (
				0B8BA863294E10B800E9F2E0 /* Sources */,
				0B8BA864294E10B800E9F2E0 /* Frameworks */,
				0B8BA865294E10B800E9F2E0 /* Resources */,
			);
			buildRules = (
			);
			dependencies = (
				0B8BA86C294E10B900E9F2E0 /* PBXTargetDependency */,
			);
			name = SwiftUIWithMVVMHomeAssistantExmpleTests;
			productName = SwiftUIWithMVVMHomeAssistantExmpleTests;
			productReference = 0B8BA867294E10B800E9F2E0 /* SwiftUIWithMVVMHomeAssistantExmpleTests.xctest */;
			productType = "com.apple.product-type.bundle.unit-test";
		};
		0BC0456F293B406F008D32F6 /* SwiftUIWithMVVMHomeAssistantExmple */ = {
			isa = PBXNativeTarget;
			buildConfigurationList = 0BC0457E293B4070008D32F6 /* Build configuration list for PBXNativeTarget "SwiftUIWithMVVMHomeAssistantExmple" */;
			buildPhases = (
				0BC0456C293B406F008D32F6 /* Sources */,
				0BC0456D293B406F008D32F6 /* Frameworks */,
				0BC0456E293B406F008D32F6 /* Resources */,
			);
			buildRules = (
			);
			dependencies = (
			);
			name = SwiftUIWithMVVMHomeAssistantExmple;
			productName = SwiftUIWithMVVMHomeAssistantExmple;
			productReference = 0BC04570293B406F008D32F6 /* SwiftUIWithMVVMHomeAssistantExmple.app */;
			productType = "com.apple.product-type.application";
		};
/* End PBXNativeTarget section */

/* Begin PBXProject section */
		0BC04568293B406E008D32F6 /* Project object */ = {
			isa = PBXProject;
			attributes = {
				BuildIndependentTargetsInParallel = 1;
				LastSwiftUpdateCheck = 1420;
				LastUpgradeCheck = 1410;
				TargetAttributes = {
					0B8BA866294E10B800E9F2E0 = {
						CreatedOnToolsVersion = 14.2;
						TestTargetID = 0BC0456F293B406F008D32F6;
					};
					0BC0456F293B406F008D32F6 = {
						CreatedOnToolsVersion = 14.1;
					};
				};
			};
			buildConfigurationList = 0BC0456B293B406E008D32F6 /* Build configuration list for PBXProject "SwiftUIWithMVVMHomeAssistantExmple" */;
			compatibilityVersion = "Xcode 14.0";
			developmentRegion = en;
			hasScannedForEncodings = 0;
			knownRegions = (
				en,
				Base,
			);
			mainGroup = 0BC04567293B406E008D32F6;
			productRefGroup = 0BC04571293B406F008D32F6 /* Products */;
			projectDirPath = "";
			projectRoot = "";
			targets = (
				0BC0456F293B406F008D32F6 /* SwiftUIWithMVVMHomeAssistantExmple */,
				0B8BA866294E10B800E9F2E0 /* SwiftUIWithMVVMHomeAssistantExmpleTests */,
			);
		};
/* End PBXProject section */

/* Begin PBXResourcesBuildPhase section */
		0B8BA865294E10B800E9F2E0 /* Resources */ = {
			isa = PBXResourcesBuildPhase;
			buildActionMask = 2147483647;
			files = (
			);
			runOnlyForDeploymentPostprocessing = 0;
		};
		0BC0456E293B406F008D32F6 /* Resources */ = {
			isa = PBXResourcesBuildPhase;
			buildActionMask = 2147483647;
			files = (
				0B466C0229507A300063AC17 /* UsersStaticData.json in Resources */,
				0B466C0129507A300063AC17 /* SingleUserData.json in Resources */,
				0BC0457B293B4070008D32F6 /* Preview Assets.xcassets in Resources */,
				0BC04578293B4070008D32F6 /* Assets.xcassets in Resources */,
			);
			runOnlyForDeploymentPostprocessing = 0;
		};
/* End PBXResourcesBuildPhase section */

/* Begin PBXSourcesBuildPhase section */
		0B8BA863294E10B800E9F2E0 /* Sources */ = {
			isa = PBXSourcesBuildPhase;
			buildActionMask = 2147483647;
			files = (
				0B466C06295091740063AC17 /* CreateFormValidatorTest.swift in Sources */,
				0BE7ADFD2981332B00AFE2E4 /* NetworkingManagerUserResponseSuccessMock.swift in Sources */,
				0B63CB7529530845002EB41B /* UsersResponse.swift in Sources */,
				0B63CB74295307F9002EB41B /* Endpoint.swift in Sources */,
				0B03BE3A29510F5E004CBA1F /* NewUser.swift in Sources */,
				0BAFA22429520EF3006C5A7B /* MockURLSessionProtocol.swift in Sources */,
				0B03BE3929510BD7004CBA1F /* CreateValidator.swift in Sources */,
				0BAFA2212951BB08006C5A7B /* NetworkingEndpointTest.swift in Sources */,
				0BE7AE022981937000AFE2E4 /* PeopleViewModelFailureTests.swift in Sources */,
				0B63CB7329530785002EB41B /* NetworkingManager.swift in Sources */,
				0B5D910E295319E10032272D /* StaticJSONMapper.swift in Sources */,
				0BE815D129809C8F004A29C6 /* PeopleViewModelSuccessTests.swift in Sources */,
				0B8BA872294E123F00E9F2E0 /* JSONMapperTest.swift in Sources */,
				0BE7AE04298193C100AFE2E4 /* NetworkingManagerUserResponseFailureMock.swift in Sources */,
				0B63CB722952FC74002EB41B /* NetworkingManagerTest.swift in Sources */,
				0BE7ADFE298136F300AFE2E4 /* PeopleViewModel.swift in Sources */,
				0B5D910D295316A00032272D /* User.swift in Sources */,
			);
			runOnlyForDeploymentPostprocessing = 0;
		};
		0BC0456C293B406F008D32F6 /* Sources */ = {
			isa = PBXSourcesBuildPhase;
			buildActionMask = 2147483647;
			files = (
				0B8BA875294E281000E9F2E0 /* StaticJSONMapper.swift in Sources */,
				0BF4B0D82947E01B002675CF /* CreateViewModel.swift in Sources */,
				0BC8AF54293CCF6A00D24A67 /* Symbols.swift in Sources */,
				0BC8AF63293D16E200D24A67 /* UserCellView.swift in Sources */,
				0BC8AF5E293CDCF400D24A67 /* PeopleViewModel.swift in Sources */,
				0BC8AF5C293CDCC600D24A67 /* UsersListView.swift in Sources */,
				0BA9A508294BC24E00FBB315 /* UserDefaultKeys.swift in Sources */,
				0B5E31F7294B67FD009B77F1 /* SettingsView.swift in Sources */,
				0B9B1A50294149DE0094F412 /* DetailView.swift in Sources */,
				0BB2FD4D2945D2C80092BBCF /* User.swift in Sources */,
				0BBFEFFE294A702400B72FBF /* CheckmarkPopoverView.swift in Sources */,
				0BC8AF56293CCF6C00D24A67 /* Theme.swift in Sources */,
				0BC8AF69293D501500D24A67 /* UsersResponse.swift in Sources */,
				0B8B6E1829434D74003B4F96 /* NetworkingManager.swift in Sources */,
				0BB2FD4F294648A10092BBCF /* DetailViewModel.swift in Sources */,
				0BF4B0D62947DF84002675CF /* NewUser.swift in Sources */,
				0BC8AF67293D1AC400D24A67 /* PillView.swift in Sources */,
				0BC04576293B406F008D32F6 /* ContentView.swift in Sources */,
				0BA664302957180F007EBAFB /* StorysListView.swift in Sources */,
				0B8B6E1529434804003B4F96 /* CreateView.swift in Sources */,
				0B5E31ED294B2D6D009B77F1 /* CreateValidator.swift in Sources */,
				0B5E31F0294B5C13009B77F1 /* HapticsManager.swift in Sources */,
				0BA9A50B294BC53500FBB315 /* Endpoint.swift in Sources */,
				0BC04574293B406F008D32F6 /* SwiftUIWithMVVMHomeAssistantExmpleApp.swift in Sources */,
			);
			runOnlyForDeploymentPostprocessing = 0;
		};
/* End PBXSourcesBuildPhase section */

/* Begin PBXTargetDependency section */
		0B8BA86C294E10B900E9F2E0 /* PBXTargetDependency */ = {
			isa = PBXTargetDependency;
			target = 0BC0456F293B406F008D32F6 /* SwiftUIWithMVVMHomeAssistantExmple */;
			targetProxy = 0B8BA86B294E10B900E9F2E0 /* PBXContainerItemProxy */;
		};
/* End PBXTargetDependency section */

/* Begin XCBuildConfiguration section */
		0B8BA86D294E10B900E9F2E0 /* Debug */ = {
			isa = XCBuildConfiguration;
			buildSettings = {
				BUNDLE_LOADER = "$(TEST_HOST)";
				CODE_SIGN_STYLE = Automatic;
				CURRENT_PROJECT_VERSION = 1;
				DEVELOPMENT_TEAM = J4Z7QN3M6A;
				GENERATE_INFOPLIST_FILE = YES;
				IPHONEOS_DEPLOYMENT_TARGET = 16.2;
				MARKETING_VERSION = 1.0;
				PRODUCT_BUNDLE_IDENTIFIER = cohenzuri.com.SwiftUIWithMVVMHomeAssistantExmpleTests;
				PRODUCT_NAME = "$(TARGET_NAME)";
				SWIFT_EMIT_LOC_STRINGS = NO;
				SWIFT_VERSION = 5.0;
				TARGETED_DEVICE_FAMILY = "1,2";
				TEST_HOST = "$(BUILT_PRODUCTS_DIR)/SwiftUIWithMVVMHomeAssistantExmple.app/$(BUNDLE_EXECUTABLE_FOLDER_PATH)/SwiftUIWithMVVMHomeAssistantExmple";
			};
			name = Debug;
		};
		0B8BA86E294E10B900E9F2E0 /* Release */ = {
			isa = XCBuildConfiguration;
			buildSettings = {
				BUNDLE_LOADER = "$(TEST_HOST)";
				CODE_SIGN_STYLE = Automatic;
				CURRENT_PROJECT_VERSION = 1;
				DEVELOPMENT_TEAM = J4Z7QN3M6A;
				GENERATE_INFOPLIST_FILE = YES;
				IPHONEOS_DEPLOYMENT_TARGET = 16.2;
				MARKETING_VERSION = 1.0;
				PRODUCT_BUNDLE_IDENTIFIER = cohenzuri.com.SwiftUIWithMVVMHomeAssistantExmpleTests;
				PRODUCT_NAME = "$(TARGET_NAME)";
				SWIFT_EMIT_LOC_STRINGS = NO;
				SWIFT_VERSION = 5.0;
				TARGETED_DEVICE_FAMILY = "1,2";
				TEST_HOST = "$(BUILT_PRODUCTS_DIR)/SwiftUIWithMVVMHomeAssistantExmple.app/$(BUNDLE_EXECUTABLE_FOLDER_PATH)/SwiftUIWithMVVMHomeAssistantExmple";
			};
			name = Release;
		};
		0BC0457C293B4070008D32F6 /* Debug */ = {
			isa = XCBuildConfiguration;
			buildSettings = {
				ALWAYS_SEARCH_USER_PATHS = NO;
				CLANG_ANALYZER_NONNULL = YES;
				CLANG_ANALYZER_NUMBER_OBJECT_CONVERSION = YES_AGGRESSIVE;
				CLANG_CXX_LANGUAGE_STANDARD = "gnu++20";
				CLANG_ENABLE_MODULES = YES;
				CLANG_ENABLE_OBJC_ARC = YES;
				CLANG_ENABLE_OBJC_WEAK = YES;
				CLANG_WARN_BLOCK_CAPTURE_AUTORELEASING = YES;
				CLANG_WARN_BOOL_CONVERSION = YES;
				CLANG_WARN_COMMA = YES;
				CLANG_WARN_CONSTANT_CONVERSION = YES;
				CLANG_WARN_DEPRECATED_OBJC_IMPLEMENTATIONS = YES;
				CLANG_WARN_DIRECT_OBJC_ISA_USAGE = YES_ERROR;
				CLANG_WARN_DOCUMENTATION_COMMENTS = YES;
				CLANG_WARN_EMPTY_BODY = YES;
				CLANG_WARN_ENUM_CONVERSION = YES;
				CLANG_WARN_INFINITE_RECURSION = YES;
				CLANG_WARN_INT_CONVERSION = YES;
				CLANG_WARN_NON_LITERAL_NULL_CONVERSION = YES;
				CLANG_WARN_OBJC_IMPLICIT_RETAIN_SELF = YES;
				CLANG_WARN_OBJC_LITERAL_CONVERSION = YES;
				CLANG_WARN_OBJC_ROOT_CLASS = YES_ERROR;
				CLANG_WARN_QUOTED_INCLUDE_IN_FRAMEWORK_HEADER = YES;
				CLANG_WARN_RANGE_LOOP_ANALYSIS = YES;
				CLANG_WARN_STRICT_PROTOTYPES = YES;
				CLANG_WARN_SUSPICIOUS_MOVE = YES;
				CLANG_WARN_UNGUARDED_AVAILABILITY = YES_AGGRESSIVE;
				CLANG_WARN_UNREACHABLE_CODE = YES;
				CLANG_WARN__DUPLICATE_METHOD_MATCH = YES;
				COPY_PHASE_STRIP = NO;
				DEBUG_INFORMATION_FORMAT = dwarf;
				ENABLE_STRICT_OBJC_MSGSEND = YES;
				ENABLE_TESTABILITY = YES;
				GCC_C_LANGUAGE_STANDARD = gnu11;
				GCC_DYNAMIC_NO_PIC = NO;
				GCC_NO_COMMON_BLOCKS = YES;
				GCC_OPTIMIZATION_LEVEL = 0;
				GCC_PREPROCESSOR_DEFINITIONS = (
					"DEBUG=1",
					"$(inherited)",
				);
				GCC_WARN_64_TO_32_BIT_CONVERSION = YES;
				GCC_WARN_ABOUT_RETURN_TYPE = YES_ERROR;
				GCC_WARN_UNDECLARED_SELECTOR = YES;
				GCC_WARN_UNINITIALIZED_AUTOS = YES_AGGRESSIVE;
				GCC_WARN_UNUSED_FUNCTION = YES;
				GCC_WARN_UNUSED_VARIABLE = YES;
				IPHONEOS_DEPLOYMENT_TARGET = 16.1;
				MTL_ENABLE_DEBUG_INFO = INCLUDE_SOURCE;
				MTL_FAST_MATH = YES;
				ONLY_ACTIVE_ARCH = YES;
				SDKROOT = iphoneos;
				SWIFT_ACTIVE_COMPILATION_CONDITIONS = DEBUG;
				SWIFT_OPTIMIZATION_LEVEL = "-Onone";
			};
			name = Debug;
		};
		0BC0457D293B4070008D32F6 /* Release */ = {
			isa = XCBuildConfiguration;
			buildSettings = {
				ALWAYS_SEARCH_USER_PATHS = NO;
				CLANG_ANALYZER_NONNULL = YES;
				CLANG_ANALYZER_NUMBER_OBJECT_CONVERSION = YES_AGGRESSIVE;
				CLANG_CXX_LANGUAGE_STANDARD = "gnu++20";
				CLANG_ENABLE_MODULES = YES;
				CLANG_ENABLE_OBJC_ARC = YES;
				CLANG_ENABLE_OBJC_WEAK = YES;
				CLANG_WARN_BLOCK_CAPTURE_AUTORELEASING = YES;
				CLANG_WARN_BOOL_CONVERSION = YES;
				CLANG_WARN_COMMA = YES;
				CLANG_WARN_CONSTANT_CONVERSION = YES;
				CLANG_WARN_DEPRECATED_OBJC_IMPLEMENTATIONS = YES;
				CLANG_WARN_DIRECT_OBJC_ISA_USAGE = YES_ERROR;
				CLANG_WARN_DOCUMENTATION_COMMENTS = YES;
				CLANG_WARN_EMPTY_BODY = YES;
				CLANG_WARN_ENUM_CONVERSION = YES;
				CLANG_WARN_INFINITE_RECURSION = YES;
				CLANG_WARN_INT_CONVERSION = YES;
				CLANG_WARN_NON_LITERAL_NULL_CONVERSION = YES;
				CLANG_WARN_OBJC_IMPLICIT_RETAIN_SELF = YES;
				CLANG_WARN_OBJC_LITERAL_CONVERSION = YES;
				CLANG_WARN_OBJC_ROOT_CLASS = YES_ERROR;
				CLANG_WARN_QUOTED_INCLUDE_IN_FRAMEWORK_HEADER = YES;
				CLANG_WARN_RANGE_LOOP_ANALYSIS = YES;
				CLANG_WARN_STRICT_PROTOTYPES = YES;
				CLANG_WARN_SUSPICIOUS_MOVE = YES;
				CLANG_WARN_UNGUARDED_AVAILABILITY = YES_AGGRESSIVE;
				CLANG_WARN_UNREACHABLE_CODE = YES;
				CLANG_WARN__DUPLICATE_METHOD_MATCH = YES;
				COPY_PHASE_STRIP = NO;
				DEBUG_INFORMATION_FORMAT = "dwarf-with-dsym";
				ENABLE_NS_ASSERTIONS = NO;
				ENABLE_STRICT_OBJC_MSGSEND = YES;
				GCC_C_LANGUAGE_STANDARD = gnu11;
				GCC_NO_COMMON_BLOCKS = YES;
				GCC_WARN_64_TO_32_BIT_CONVERSION = YES;
				GCC_WARN_ABOUT_RETURN_TYPE = YES_ERROR;
				GCC_WARN_UNDECLARED_SELECTOR = YES;
				GCC_WARN_UNINITIALIZED_AUTOS = YES_AGGRESSIVE;
				GCC_WARN_UNUSED_FUNCTION = YES;
				GCC_WARN_UNUSED_VARIABLE = YES;
				IPHONEOS_DEPLOYMENT_TARGET = 16.1;
				MTL_ENABLE_DEBUG_INFO = NO;
				MTL_FAST_MATH = YES;
				SDKROOT = iphoneos;
				SWIFT_COMPILATION_MODE = wholemodule;
				SWIFT_OPTIMIZATION_LEVEL = "-O";
				VALIDATE_PRODUCT = YES;
			};
			name = Release;
		};
		0BC0457F293B4070008D32F6 /* Debug */ = {
			isa = XCBuildConfiguration;
			buildSettings = {
				ASSETCATALOG_COMPILER_APPICON_NAME = AppIcon;
				ASSETCATALOG_COMPILER_GLOBAL_ACCENT_COLOR_NAME = AccentColor;
				CODE_SIGN_STYLE = Automatic;
				CURRENT_PROJECT_VERSION = 1;
				DEVELOPMENT_ASSET_PATHS = "\"SwiftUIWithMVVMHomeAssistantExmple/Preview Content\"";
				DEVELOPMENT_TEAM = J4Z7QN3M6A;
				ENABLE_PREVIEWS = YES;
				GENERATE_INFOPLIST_FILE = YES;
				INFOPLIST_FILE = SwiftUIWithMVVMHomeAssistantExmple/Info.plist;
				INFOPLIST_KEY_UIApplicationSceneManifest_Generation = YES;
				INFOPLIST_KEY_UIApplicationSupportsIndirectInputEvents = YES;
				INFOPLIST_KEY_UISupportedInterfaceOrientations_iPad = "UIInterfaceOrientationPortrait UIInterfaceOrientationPortraitUpsideDown UIInterfaceOrientationLandscapeLeft UIInterfaceOrientationLandscapeRight";
				INFOPLIST_KEY_UISupportedInterfaceOrientations_iPhone = "UIInterfaceOrientationPortrait UIInterfaceOrientationLandscapeLeft UIInterfaceOrientationLandscapeRight";
				IPHONEOS_DEPLOYMENT_TARGET = 15.0;
				LD_RUNPATH_SEARCH_PATHS = (
					"$(inherited)",
					"@executable_path/Frameworks",
				);
				MARKETING_VERSION = 1.0;
				PRODUCT_BUNDLE_IDENTIFIER = cohenzuri.com.SwiftUIWithMVVMHomeAssistantExmple;
				PRODUCT_NAME = "$(TARGET_NAME)";
				SWIFT_EMIT_LOC_STRINGS = YES;
				SWIFT_VERSION = 5.0;
				TARGETED_DEVICE_FAMILY = "1,2";
			};
			name = Debug;
		};
		0BC04580293B4070008D32F6 /* Release */ = {
			isa = XCBuildConfiguration;
			buildSettings = {
				ASSETCATALOG_COMPILER_APPICON_NAME = AppIcon;
				ASSETCATALOG_COMPILER_GLOBAL_ACCENT_COLOR_NAME = AccentColor;
				CODE_SIGN_STYLE = Automatic;
				CURRENT_PROJECT_VERSION = 1;
				DEVELOPMENT_ASSET_PATHS = "\"SwiftUIWithMVVMHomeAssistantExmple/Preview Content\"";
				DEVELOPMENT_TEAM = J4Z7QN3M6A;
				ENABLE_PREVIEWS = YES;
				GENERATE_INFOPLIST_FILE = YES;
				INFOPLIST_FILE = SwiftUIWithMVVMHomeAssistantExmple/Info.plist;
				INFOPLIST_KEY_UIApplicationSceneManifest_Generation = YES;
				INFOPLIST_KEY_UIApplicationSupportsIndirectInputEvents = YES;
				INFOPLIST_KEY_UISupportedInterfaceOrientations_iPad = "UIInterfaceOrientationPortrait UIInterfaceOrientationPortraitUpsideDown UIInterfaceOrientationLandscapeLeft UIInterfaceOrientationLandscapeRight";
				INFOPLIST_KEY_UISupportedInterfaceOrientations_iPhone = "UIInterfaceOrientationPortrait UIInterfaceOrientationLandscapeLeft UIInterfaceOrientationLandscapeRight";
				IPHONEOS_DEPLOYMENT_TARGET = 15.0;
				LD_RUNPATH_SEARCH_PATHS = (
					"$(inherited)",
					"@executable_path/Frameworks",
				);
				MARKETING_VERSION = 1.0;
				PRODUCT_BUNDLE_IDENTIFIER = cohenzuri.com.SwiftUIWithMVVMHomeAssistantExmple;
				PRODUCT_NAME = "$(TARGET_NAME)";
				SWIFT_EMIT_LOC_STRINGS = YES;
				SWIFT_VERSION = 5.0;
				TARGETED_DEVICE_FAMILY = "1,2";
			};
			name = Release;
		};
/* End XCBuildConfiguration section */

/* Begin XCConfigurationList section */
		0B8BA86F294E10B900E9F2E0 /* Build configuration list for PBXNativeTarget "SwiftUIWithMVVMHomeAssistantExmpleTests" */ = {
			isa = XCConfigurationList;
			buildConfigurations = (
				0B8BA86D294E10B900E9F2E0 /* Debug */,
				0B8BA86E294E10B900E9F2E0 /* Release */,
			);
			defaultConfigurationIsVisible = 0;
			defaultConfigurationName = Release;
		};
		0BC0456B293B406E008D32F6 /* Build configuration list for PBXProject "SwiftUIWithMVVMHomeAssistantExmple" */ = {
			isa = XCConfigurationList;
			buildConfigurations = (
				0BC0457C293B4070008D32F6 /* Debug */,
				0BC0457D293B4070008D32F6 /* Release */,
			);
			defaultConfigurationIsVisible = 0;
			defaultConfigurationName = Release;
		};
		0BC0457E293B4070008D32F6 /* Build configuration list for PBXNativeTarget "SwiftUIWithMVVMHomeAssistantExmple" */ = {
			isa = XCConfigurationList;
			buildConfigurations = (
				0BC0457F293B4070008D32F6 /* Debug */,
				0BC04580293B4070008D32F6 /* Release */,
			);
			defaultConfigurationIsVisible = 0;
			defaultConfigurationName = Release;
		};
/* End XCConfigurationList section */
	};
	rootObject = 0BC04568293B406E008D32F6 /* Project object */;
}
